{
  "lockfileVersion": 1,
  "configVersion": 1,
  "workspaces": {
    "": {
      "name": "@loom/guest",
      "dependencies": {
        "@ipld/dag-cbor": "10.0.2",
        "cborg": "6.1.2",
        "multiformats": "14.0.5",
      },
    },
  },
  "packages": {
    "@ipld/dag-cbor": ["@ipld/dag-cbor@10.0.2", "", { "dependencies": { "cborg": "^6.1.1", "multiformats": "^14.0.0" } }, "sha512-1eCD4YMTlkx5i36oQUmeAojLS/wu+XCd1Gs31BA0afk0TaVkhnyMofIAT/pi0wV3HS3/G7QSN/1NibhiksMyZQ=="],

    "cborg": ["cborg@6.1.2", "", { "bin": { "cborg": "lib/bin.js" } }, "sha512-hQfFh6FuuCDoycN68FtUpjtQx5kCtxOLA8msbpJZxjtxaMqxgHl+4GNwO+0YexH/lHmVzhhAKa0ua+vtmTRoVw=="],

    "multiformats": ["multiformats@14.0.5", "", {}, "sha512-vbIm83F2yZ1pWJGS0yl0ysracIvv56LtbrIyiIQHoLdYDJOMoLfVFsXhh9DUH4SFdkdkFhucyWniihsNzVEjkQ=="],
  }
}
